
Microsoft Visual Studio Solution File, Format Version 12.00
# Visual Studio Version 16
VisualStudioVersion = 16.0.30804.86
MinimumVisualStudioVersion = 10.0.40219.1
Project("{9A19103F-16F7-4668-BE54-9A1E7A4F7556}") = "Mvc1VaccinDemo", "Mvc1VaccinDemo\Mvc1VaccinDemo.csproj", "{57037D27-D12D-4570-B7CA-22B322C8059C}"
EndProject
Project("{9A19103F-16F7-4668-BE54-9A1E7A4F7556}") = "GeneratePersonConsoleApp", "GeneratePersonConsoleApp\GeneratePersonConsoleApp.csproj", "{F6A26971-2239-4ED3-9BCD-E0C7A356E432}"
EndProject
Project("{9A19103F-16F7-4668-BE54-9A1E7A4F7556}") = "SharedThings", "SharedThings\SharedThings.csproj", "{7F2D2829-F199-462D-BD18-F9BE74D2F5A0}"
EndProject
Project("{9A19103F-16F7-4668-BE54-9A1E7A4F7556}") = "VaccinApi", "VaccinApi\VaccinApi.csproj", "{77D92211-FEA5-4B0A-B945-293A8FD6EFDD}"
EndProject
Project("{FAE04EC0-301F-11D3-BF4B-00C04F79EFBC}") = "Mvc1VaccinDemo.Tests", "Mvc1VaccinDemo.Tests\Mvc1VaccinDemo.Tests.csproj", "{610282E4-0000-4FD7-945F-D10DB4DADC24}"
EndProject
Global
	GlobalSection(SolutionConfigurationPlatforms) = preSolution
		Debug|Any CPU = Debug|Any CPU
		Release|Any CPU = Release|Any CPU
	EndGlobalSection
	GlobalSection(ProjectConfigurationPlatforms) = postSolution
		{57037D27-D12D-4570-B7CA-22B322C8059C}.Debug|Any CPU.ActiveCfg = Debug|Any CPU
		{57037D27-D12D-4570-B7CA-22B322C8059C}.Debug|Any CPU.Build.0 = Debug|Any CPU
		{57037D27-D12D-4570-B7CA-22B322C8059C}.Release|Any CPU.ActiveCfg = Release|Any CPU
		{57037D27-D12D-4570-B7CA-22B322C8059C}.Release|Any CPU.Build.0 = Release|Any CPU
		{F6A26971-2239-4ED3-9BCD-E0C7A356E432}.Debug|Any CPU.ActiveCfg = Debug|Any CPU
		{F6A26971-2239-4ED3-9BCD-E0C7A356E432}.Debug|Any CPU.Build.0 = Debug|Any CPU
		{F6A26971-2239-4ED3-9BCD-E0C7A356E432}.Release|Any CPU.ActiveCfg = Release|Any CPU
		{F6A26971-2239-4ED3-9BCD-E0C7A356E432}.Release|Any CPU.Build.0 = Release|Any CPU
		{7F2D2829-F199-462D-BD18-F9BE74D2F5A0}.Debug|Any CPU.ActiveCfg = Debug|Any CPU
		{7F2D2829-F199-462D-BD18-F9BE74D2F5A0}.Debug|Any CPU.Build.0 = Debug|Any CPU
		{7F2D2829-F199-462D-BD18-F9BE74D2F5A0}.Release|Any CPU.ActiveCfg = Release|Any CPU
		{7F2D2829-F199-462D-BD18-F9BE74D2F5A0}.Release|Any CPU.Build.0 = Release|Any CPU
		{77D92211-FEA5-4B0A-B945-293A8FD6EFDD}.Debug|Any CPU.ActiveCfg = Debug|Any CPU
		{77D92211-FEA5-4B0A-B945-293A8FD6EFDD}.Debug|Any CPU.Build.0 = Debug|Any CPU
		{77D92211-FEA5-4B0A-B945-293A8FD6EFDD}.Release|Any CPU.ActiveCfg = Release|Any CPU
		{77D92211-FEA5-4B0A-B945-293A8FD6EFDD}.Release|Any CPU.Build.0 = Release|Any CPU
		{610282E4-0000-4FD7-945F-D10DB4DADC24}.Debug|Any CPU.ActiveCfg = Debug|Any CPU
		{610282E4-0000-4FD7-945F-D10DB4DADC24}.Debug|Any CPU.Build.0 = Debug|Any CPU
		{610282E4-0000-4FD7-945F-D10DB4DADC24}.Release|Any CPU.ActiveCfg = Release|Any CPU
		{610282E4-0000-4FD7-945F-D10DB4DADC24}.Release|Any CPU.Build.0 = Release|Any CPU
	EndGlobalSection
	GlobalSection(SolutionProperties) = preSolution
		HideSolutionNode = FALSE
	EndGlobalSection
	GlobalSection(ExtensibilityGlobals) = postSolution
		SolutionGuid = {FEB7FAB3-962A-4EF9-9BC7-B226341E2CE9}
	EndGlobalSection
EndGlobal
